
Microsoft Visual Studio Solution File, Format Version 12.00
# Visual Studio Version 16
VisualStudioVersion = 16.0.31205.134
MinimumVisualStudioVersion = 10.0.40219.1
Project("{FAE04EC0-301F-11D3-BF4B-00C04F79EFBC}") = "AntiModernStandby", "AntiModernStandby\AntiModernStandby.csproj", "{AD6E1F87-CB23-4699-A12D-4924B42FACD9}"
EndProject
Global
	GlobalSection(SolutionConfigurationPlatforms) = preSolution
		Debug|Any CPU = Debug|Any CPU
		Release|Any CPU = Release|Any CPU
	EndGlobalSection
	GlobalSection(ProjectConfigurationPlatforms) = postSolution
		{AD6E1F87-CB23-4699-A12D-4924B42FACD9}.Debug|Any CPU.ActiveCfg = Debug|Any CPU
		{AD6E1F87-CB23-4699-A12D-4924B42FACD9}.Debug|Any CPU.Build.0 = Debug|Any CPU
		{AD6E1F87-CB23-4699-A12D-4924B42FACD9}.Release|Any CPU.ActiveCfg = Release|Any CPU
		{AD6E1F87-CB23-4699-A12D-4924B42FACD9}.Release|Any CPU.Build.0 = Release|Any CPU
	EndGlobalSection
	GlobalSection(SolutionProperties) = preSolution
		HideSolutionNode = FALSE
	EndGlobalSection
	GlobalSection(ExtensibilityGlobals) = postSolution
		SolutionGuid = {32D896B5-3478-4CD4-A66D-719F26253E97}
	EndGlobalSection
EndGlobal
